
Microsoft Visual Studio Solution File, Format Version 12.00
# Visual Studio Version 16
VisualStudioVersion = 16.0.30523.141
MinimumVisualStudioVersion = 10.0.40219.1
Project("{FAE04EC0-301F-11D3-BF4B-00C04F79EFBC}") = "zIinz_3_bigdata", "zIinz_3_bigdata.csproj", "{31BDF29B-4879-4408-8BD6-7FBF4E4FBF63}"
EndProject
Global
	GlobalSection(SolutionConfigurationPlatforms) = preSolution
		Debug|Any CPU = Debug|Any CPU
		Release|Any CPU = Release|Any CPU
	EndGlobalSection
	GlobalSection(ProjectConfigurationPlatforms) = postSolution
		{31BDF29B-4879-4408-8BD6-7FBF4E4FBF63}.Debug|Any CPU.ActiveCfg = Debug|Any CPU
		{31BDF29B-4879-4408-8BD6-7FBF4E4FBF63}.Debug|Any CPU.Build.0 = Debug|Any CPU
		{31BDF29B-4879-4408-8BD6-7FBF4E4FBF63}.Release|Any CPU.ActiveCfg = Release|Any CPU
		{31BDF29B-4879-4408-8BD6-7FBF4E4FBF63}.Release|Any CPU.Build.0 = Release|Any CPU
	EndGlobalSection
	GlobalSection(SolutionProperties) = preSolution
		HideSolutionNode = FALSE
	EndGlobalSection
	GlobalSection(ExtensibilityGlobals) = postSolution
		SolutionGuid = {C7ABD005-4CAD-44AC-8B13-796FF15AF9A9}
	EndGlobalSection
EndGlobal
